
Microsoft Visual Studio Solution File, Format Version 12.00
# Visual Studio 15
VisualStudioVersion = 15.0.27703.2042
MinimumVisualStudioVersion = 10.0.40219.1
Project("{FAE04EC0-301F-11D3-BF4B-00C04F79EFBC}") = "ConsoleApplication", "AssaultCube Trainer\ConsoleApplication.csproj", "{7133F306-26E0-4F32-96BB-0C70C3CFDCED}"
EndProject
Global
	GlobalSection(SolutionConfigurationPlatforms) = preSolution
		Debug|Any CPU = Debug|Any CPU
		Release|Any CPU = Release|Any CPU
	EndGlobalSection
	GlobalSection(ProjectConfigurationPlatforms) = postSolution
		{7133F306-26E0-4F32-96BB-0C70C3CFDCED}.Debug|Any CPU.ActiveCfg = Debug|Any CPU
		{7133F306-26E0-4F32-96BB-0C70C3CFDCED}.Debug|Any CPU.Build.0 = Debug|Any CPU
		{7133F306-26E0-4F32-96BB-0C70C3CFDCED}.Release|Any CPU.ActiveCfg = Release|Any CPU
		{7133F306-26E0-4F32-96BB-0C70C3CFDCED}.Release|Any CPU.Build.0 = Release|Any CPU
	EndGlobalSection
	GlobalSection(SolutionProperties) = preSolution
		HideSolutionNode = FALSE
	EndGlobalSection
	GlobalSection(ExtensibilityGlobals) = postSolution
		SolutionGuid = {D5EFC43B-10B3-48E6-9478-5D4611DBE2BA}
	EndGlobalSection
EndGlobal
